// !$*UTF8*$!
{
	archiveVersion = 1;
	classes = {
	};
	objectVersion = 46;
	objects = {

/* Begin PBXBuildFile section */
		1179B66A18F23D0B005C7DDB /* Foundation.framework in Frameworks */ = {isa = PBXBuildFile; fileRef = 1179B66918F23D0B005C7DDB /* Foundation.framework */; };
		1179B66C18F23D0B005C7DDB /* CoreGraphics.framework in Frameworks */ = {isa = PBXBuildFile; fileRef = 1179B66B18F23D0B005C7DDB /* CoreGraphics.framework */; };
		1179B66E18F23D0B005C7DDB /* UIKit.framework in Frameworks */ = {isa = PBXBuildFile; fileRef = 1179B66D18F23D0B005C7DDB /* UIKit.framework */; };
		1179B67418F23D0B005C7DDB /* InfoPlist.strings in Resources */ = {isa = PBXBuildFile; fileRef = 1179B67218F23D0B005C7DDB /* InfoPlist.strings */; };
		1179B67618F23D0B005C7DDB /* main.m in Sources */ = {isa = PBXBuildFile; fileRef = 1179B67518F23D0B005C7DDB /* main.m */; };
		1179B67A18F23D0B005C7DDB /* AppDelegate.m in Sources */ = {isa = PBXBuildFile; fileRef = 1179B67918F23D0B005C7DDB /* AppDelegate.m */; };
		1179B67C18F23D0B005C7DDB /* Images.xcassets in Resources */ = {isa = PBXBuildFile; fileRef = 1179B67B18F23D0B005C7DDB /* Images.xcassets */; };
		1179B68318F23D0B005C7DDB /* XCTest.framework in Frameworks */ = {isa = PBXBuildFile; fileRef = 1179B68218F23D0B005C7DDB /* XCTest.framework */; };
		1179B68418F23D0B005C7DDB /* Foundation.framework in Frameworks */ = {isa = PBXBuildFile; fileRef = 1179B66918F23D0B005C7DDB /* Foundation.framework */; };
		1179B68518F23D0B005C7DDB /* UIKit.framework in Frameworks */ = {isa = PBXBuildFile; fileRef = 1179B66D18F23D0B005C7DDB /* UIKit.framework */; };
		1179B68D18F23D0B005C7DDB /* InfoPlist.strings in Resources */ = {isa = PBXBuildFile; fileRef = 1179B68B18F23D0B005C7DDB /* InfoPlist.strings */; };
		1179B68F18F23D0B005C7DDB /* homework5Tests.m in Sources */ = {isa = PBXBuildFile; fileRef = 1179B68E18F23D0B005C7DDB /* homework5Tests.m */; };
		1179B69B18F2427C005C7DDB /* NewsFeedViewController.m in Sources */ = {isa = PBXBuildFile; fileRef = 1179B69918F2427C005C7DDB /* NewsFeedViewController.m */; };
		1179B69C18F2427C005C7DDB /* NewsFeedViewController.xib in Resources */ = {isa = PBXBuildFile; fileRef = 1179B69A18F2427C005C7DDB /* NewsFeedViewController.xib */; };
		1179B6A018F243ED005C7DDB /* NotificationsViewController.m in Sources */ = {isa = PBXBuildFile; fileRef = 1179B69E18F243ED005C7DDB /* NotificationsViewController.m */; };
		1179B6A118F243ED005C7DDB /* NotificationsViewController.xib in Resources */ = {isa = PBXBuildFile; fileRef = 1179B69F18F243ED005C7DDB /* NotificationsViewController.xib */; };
		1179B6A518F24507005C7DDB /* RequestsViewController.m in Sources */ = {isa = PBXBuildFile; fileRef = 1179B6A318F24507005C7DDB /* RequestsViewController.m */; };
		1179B6A618F24507005C7DDB /* RequestsViewController.xib in Resources */ = {isa = PBXBuildFile; fileRef = 1179B6A418F24507005C7DDB /* RequestsViewController.xib */; };
		1179B6AA18F24585005C7DDB /* MessagesViewController.m in Sources */ = {isa = PBXBuildFile; fileRef = 1179B6A818F24585005C7DDB /* MessagesViewController.m */; };
		1179B6AB18F24585005C7DDB /* MessagesViewController.xib in Resources */ = {isa = PBXBuildFile; fileRef = 1179B6A918F24585005C7DDB /* MessagesViewController.xib */; };
		1179B6AF18F2458E005C7DDB /* MoreViewController.m in Sources */ = {isa = PBXBuildFile; fileRef = 1179B6AD18F2458E005C7DDB /* MoreViewController.m */; };
		1179B6B018F2458E005C7DDB /* MoreViewController.xib in Resources */ = {isa = PBXBuildFile; fileRef = 1179B6AE18F2458E005C7DDB /* MoreViewController.xib */; };
		1179B6B418F2569F005C7DDB /* NotificationsTableViewCell.m in Sources */ = {isa = PBXBuildFile; fileRef = 1179B6B218F2569F005C7DDB /* NotificationsTableViewCell.m */; };
		1179B6B518F2569F005C7DDB /* NotificationsTableViewCell.xib in Resources */ = {isa = PBXBuildFile; fileRef = 1179B6B318F2569F005C7DDB /* NotificationsTableViewCell.xib */; };
/* End PBXBuildFile section */

/* Begin PBXContainerItemProxy section */
		1179B68618F23D0B005C7DDB /* PBXContainerItemProxy */ = {
			isa = PBXContainerItemProxy;
			containerPortal = 1179B65E18F23D0B005C7DDB /* Project object */;
			proxyType = 1;
			remoteGlobalIDString = 1179B66518F23D0B005C7DDB;
			remoteInfo = homework5;
		};
/* End PBXContainerItemProxy section */

/* Begin PBXFileReference section */
		1179B66618F23D0B005C7DDB /* homework5.app */ = {isa = PBXFileReference; explicitFileType = wrapper.application; includeInIndex = 0; path = homework5.app; sourceTree = BUILT_PRODUCTS_DIR; };
		1179B66918F23D0B005C7DDB /* Foundation.framework */ = {isa = PBXFileReference; lastKnownFileType = wrapper.framework; name = Foundation.framework; path = System/Library/Frameworks/Foundation.framework; sourceTree = SDKROOT; };
		1179B66B18F23D0B005C7DDB /* CoreGraphics.framework */ = {isa = PBXFileReference; lastKnownFileType = wrapper.framework; name = CoreGraphics.framework; path = System/Library/Frameworks/CoreGraphics.framework; sourceTree = SDKROOT; };
		1179B66D18F23D0B005C7DDB /* UIKit.framework */ = {isa = PBXFileReference; lastKnownFileType = wrapper.framework; name = UIKit.framework; path = System/Library/Frameworks/UIKit.framework; sourceTree = SDKROOT; };
		1179B67118F23D0B005C7DDB /* homework5-Info.plist */ = {isa = PBXFileReference; lastKnownFileType = text.plist.xml; path = "homework5-Info.plist"; sourceTree = "<group>"; };
		1179B67318F23D0B005C7DDB /* en */ = {isa = PBXFileReference; lastKnownFileType = text.plist.strings; name = en; path = en.lproj/InfoPlist.strings; sourceTree = "<group>"; };
		1179B67518F23D0B005C7DDB /* main.m */ = {isa = PBXFileReference; lastKnownFileType = sourcecode.c.objc; path = main.m; sourceTree = "<group>"; };
		1179B67718F23D0B005C7DDB /* homework5-Prefix.pch */ = {isa = PBXFileReference; lastKnownFileType = sourcecode.c.h; path = "homework5-Prefix.pch"; sourceTree = "<group>"; };
		1179B67818F23D0B005C7DDB /* AppDelegate.h */ = {isa = PBXFileReference; lastKnownFileType = sourcecode.c.h; path = AppDelegate.h; sourceTree = "<group>"; };
		1179B67918F23D0B005C7DDB /* AppDelegate.m */ = {isa = PBXFileReference; lastKnownFileType = sourcecode.c.objc; path = AppDelegate.m; sourceTree = "<group>"; };
		1179B67B18F23D0B005C7DDB /* Images.xcassets */ = {isa = PBXFileReference; lastKnownFileType = folder.assetcatalog; path = Images.xcassets; sourceTree = "<group>"; };
		1179B68118F23D0B005C7DDB /* homework5Tests.xctest */ = {isa = PBXFileReference; explicitFileType = wrapper.cfbundle; includeInIndex = 0; path = homework5Tests.xctest; sourceTree = BUILT_PRODUCTS_DIR; };
		1179B68218F23D0B005C7DDB /* XCTest.framework */ = {isa = PBXFileReference; lastKnownFileType = wrapper.framework; name = XCTest.framework; path = Library/Frameworks/XCTest.framework; sourceTree = DEVELOPER_DIR; };
		1179B68A18F23D0B005C7DDB /* homework5Tests-Info.plist */ = {isa = PBXFileReference; lastKnownFileType = text.plist.xml; path = "homework5Tests-Info.plist"; sourceTree = "<group>"; };
		1179B68C18F23D0B005C7DDB /* en */ = {isa = PBXFileReference; lastKnownFileType = text.plist.strings; name = en; path = en.lproj/InfoPlist.strings; sourceTree = "<group>"; };
		1179B68E18F23D0B005C7DDB /* homework5Tests.m */ = {isa = PBXFileReference; lastKnownFileType = sourcecode.c.objc; path = homework5Tests.m; sourceTree = "<group>"; };
		1179B69818F2427C005C7DDB /* NewsFeedViewController.h */ = {isa = PBXFileReference; fileEncoding = 4; lastKnownFileType = sourcecode.c.h; path = NewsFeedViewController.h; sourceTree = "<group>"; };
		1179B69918F2427C005C7DDB /* NewsFeedViewController.m */ = {isa = PBXFileReference; fileEncoding = 4; lastKnownFileType = sourcecode.c.objc; path = NewsFeedViewController.m; sourceTree = "<group>"; };
		1179B69A18F2427C005C7DDB /* NewsFeedViewController.xib */ = {isa = PBXFileReference; fileEncoding = 4; lastKnownFileType = file.xib; path = NewsFeedViewController.xib; sourceTree = "<group>"; };
		1179B69D18F243ED005C7DDB /* NotificationsViewController.h */ = {isa = PBXFileReference; fileEncoding = 4; lastKnownFileType = sourcecode.c.h; path = NotificationsViewController.h; sourceTree = "<group>"; };
		1179B69E18F243ED005C7DDB /* NotificationsViewController.m */ = {isa = PBXFileReference; fileEncoding = 4; lastKnownFileType = sourcecode.c.objc; path = NotificationsViewController.m; sourceTree = "<group>"; };
		1179B69F18F243ED005C7DDB /* NotificationsViewController.xib */ = {isa = PBXFileReference; fileEncoding = 4; lastKnownFileType = file.xib; path = NotificationsViewController.xib; sourceTree = "<group>"; };
		1179B6A218F24507005C7DDB /* RequestsViewController.h */ = {isa = PBXFileReference; fileEncoding = 4; lastKnownFileType = sourcecode.c.h; path = RequestsViewController.h; sourceTree = "<group>"; };
		1179B6A318F24507005C7DDB /* RequestsViewController.m */ = {isa = PBXFileReference; fileEncoding = 4; lastKnownFileType = sourcecode.c.objc; path = RequestsViewController.m; sourceTree = "<group>"; };
		1179B6A418F24507005C7DDB /* RequestsViewController.xib */ = {isa = PBXFileReference; fileEncoding = 4; lastKnownFileType = file.xib; path = RequestsViewController.xib; sourceTree = "<group>"; };
		1179B6A718F24585005C7DDB /* MessagesViewController.h */ = {isa = PBXFileReference; fileEncoding = 4; lastKnownFileType = sourcecode.c.h; path = MessagesViewController.h; sourceTree = "<group>"; };
		1179B6A818F24585005C7DDB /* MessagesViewController.m */ = {isa = PBXFileReference; fileEncoding = 4; lastKnownFileType = sourcecode.c.objc; path = MessagesViewController.m; sourceTree = "<group>"; };
		1179B6A918F24585005C7DDB /* MessagesViewController.xib */ = {isa = PBXFileReference; fileEncoding = 4; lastKnownFileType = file.xib; path = MessagesViewController.xib; sourceTree = "<group>"; };
		1179B6AC18F2458E005C7DDB /* MoreViewController.h */ = {isa = PBXFileReference; fileEncoding = 4; lastKnownFileType = sourcecode.c.h; path = MoreViewController.h; sourceTree = "<group>"; };
		1179B6AD18F2458E005C7DDB /* MoreViewController.m */ = {isa = PBXFileReference; fileEncoding = 4; lastKnownFileType = sourcecode.c.objc; path = MoreViewController.m; sourceTree = "<group>"; };
		1179B6AE18F2458E005C7DDB /* MoreViewController.xib */ = {isa = PBXFileReference; fileEncoding = 4; lastKnownFileType = file.xib; path = MoreViewController.xib; sourceTree = "<group>"; };
		1179B6B118F2569F005C7DDB /* NotificationsTableViewCell.h */ = {isa = PBXFileReference; fileEncoding = 4; lastKnownFileType = sourcecode.c.h; path = NotificationsTableViewCell.h; sourceTree = "<group>"; };
		1179B6B218F2569F005C7DDB /* NotificationsTableViewCell.m */ = {isa = PBXFileReference; fileEncoding = 4; lastKnownFileType = sourcecode.c.objc; path = NotificationsTableViewCell.m; sourceTree = "<group>"; };
		1179B6B318F2569F005C7DDB /* NotificationsTableViewCell.xib */ = {isa = PBXFileReference; fileEncoding = 4; lastKnownFileType = file.xib; path = NotificationsTableViewCell.xib; sourceTree = "<group>"; };
/* End PBXFileReference section */

/* Begin PBXFrameworksBuildPhase section */
		1179B66318F23D0B005C7DDB /* Frameworks */ = {
			isa = PBXFrameworksBuildPhase;
			buildActionMask = 2147483647;
			files = (
				1179B66C18F23D0B005C7DDB /* CoreGraphics.framework in Frameworks */,
				1179B66E18F23D0B005C7DDB /* UIKit.framework in Frameworks */,
				1179B66A18F23D0B005C7DDB /* Foundation.framework in Frameworks */,
			);
			runOnlyForDeploymentPostprocessing = 0;
		};
		1179B67E18F23D0B005C7DDB /* Frameworks */ = {
			isa = PBXFrameworksBuildPhase;
			buildActionMask = 2147483647;
			files = (
				1179B68318F23D0B005C7DDB /* XCTest.framework in Frameworks */,
				1179B68518F23D0B005C7DDB /* UIKit.framework in Frameworks */,
				1179B68418F23D0B005C7DDB /* Foundation.framework in Frameworks */,
			);
			runOnlyForDeploymentPostprocessing = 0;
		};
/* End PBXFrameworksBuildPhase section */

/* Begin PBXGroup section */
		1179B65D18F23D0B005C7DDB = {
			isa = PBXGroup;
			children = (
				1179B66F18F23D0B005C7DDB /* homework5 */,
				1179B68818F23D0B005C7DDB /* homework5Tests */,
				1179B66818F23D0B005C7DDB /* Frameworks */,
				1179B66718F23D0B005C7DDB /* Products */,
			);
			sourceTree = "<group>";
		};
		1179B66718F23D0B005C7DDB /* Products */ = {
			isa = PBXGroup;
			children = (
				1179B66618F23D0B005C7DDB /* homework5.app */,
				1179B68118F23D0B005C7DDB /* homework5Tests.xctest */,
			);
			name = Products;
			sourceTree = "<group>";
		};
		1179B66818F23D0B005C7DDB /* Frameworks */ = {
			isa = PBXGroup;
			children = (
				1179B66918F23D0B005C7DDB /* Foundation.framework */,
				1179B66B18F23D0B005C7DDB /* CoreGraphics.framework */,
				1179B66D18F23D0B005C7DDB /* UIKit.framework */,
				1179B68218F23D0B005C7DDB /* XCTest.framework */,
			);
			name = Frameworks;
			sourceTree = "<group>";
		};
		1179B66F18F23D0B005C7DDB /* homework5 */ = {
			isa = PBXGroup;
			children = (
				1179B67818F23D0B005C7DDB /* AppDelegate.h */,
				1179B67918F23D0B005C7DDB /* AppDelegate.m */,
				1179B67B18F23D0B005C7DDB /* Images.xcassets */,
				1179B67018F23D0B005C7DDB /* Supporting Files */,
				1179B69818F2427C005C7DDB /* NewsFeedViewController.h */,
				1179B69918F2427C005C7DDB /* NewsFeedViewController.m */,
				1179B69A18F2427C005C7DDB /* NewsFeedViewController.xib */,
				1179B69D18F243ED005C7DDB /* NotificationsViewController.h */,
				1179B69E18F243ED005C7DDB /* NotificationsViewController.m */,
				1179B69F18F243ED005C7DDB /* NotificationsViewController.xib */,
				1179B6A218F24507005C7DDB /* RequestsViewController.h */,
				1179B6A318F24507005C7DDB /* RequestsViewController.m */,
				1179B6A418F24507005C7DDB /* RequestsViewController.xib */,
				1179B6A718F24585005C7DDB /* MessagesViewController.h */,
				1179B6A818F24585005C7DDB /* MessagesViewController.m */,
				1179B6A918F24585005C7DDB /* MessagesViewController.xib */,
				1179B6AC18F2458E005C7DDB /* MoreViewController.h */,
				1179B6AD18F2458E005C7DDB /* MoreViewController.m */,
				1179B6AE18F2458E005C7DDB /* MoreViewController.xib */,
				1179B6B118F2569F005C7DDB /* NotificationsTableViewCell.h */,
				1179B6B218F2569F005C7DDB /* NotificationsTableViewCell.m */,
				1179B6B318F2569F005C7DDB /* NotificationsTableViewCell.xib */,
			);
			path = homework5;
			sourceTree = "<group>";
		};
		1179B67018F23D0B005C7DDB /* Supporting Files */ = {
			isa = PBXGroup;
			children = (
				1179B67118F23D0B005C7DDB /* homework5-Info.plist */,
				1179B67218F23D0B005C7DDB /* InfoPlist.strings */,
				1179B67518F23D0B005C7DDB /* main.m */,
				1179B67718F23D0B005C7DDB /* homework5-Prefix.pch */,
			);
			name = "Supporting Files";
			sourceTree = "<group>";
		};
		1179B68818F23D0B005C7DDB /* homework5Tests */ = {
			isa = PBXGroup;
			children = (
				1179B68E18F23D0B005C7DDB /* homework5Tests.m */,
				1179B68918F23D0B005C7DDB /* Supporting Files */,
			);
			path = homework5Tests;
			sourceTree = "<group>";
		};
		1179B68918F23D0B005C7DDB /* Supporting Files */ = {
			isa = PBXGroup;
			children = (
				1179B68A18F23D0B005C7DDB /* homework5Tests-Info.plist */,
				1179B68B18F23D0B005C7DDB /* InfoPlist.strings */,
			);
			name = "Supporting Files";
			sourceTree = "<group>";
		};
/* End PBXGroup section */

/* Begin PBXNativeTarget section */
		1179B66518F23D0B005C7DDB /* homework5 */ = {
			isa = PBXNativeTarget;
			buildConfigurationList = 1179B69218F23D0B005C7DDB /* Build configuration list for PBXNativeTarget "homework5" */;
			buildPhases = (
				1179B66218F23D0B005C7DDB /* Sources */,
				1179B66318F23D0B005C7DDB /* Frameworks */,
				1179B66418F23D0B005C7DDB /* Resources */,
			);
			buildRules = (
			);
			dependencies = (
			);
			name = homework5;
			productName = homework5;
			productReference = 1179B66618F23D0B005C7DDB /* homework5.app */;
			productType = "com.apple.product-type.application";
		};
		1179B68018F23D0B005C7DDB /* homework5Tests */ = {
			isa = PBXNativeTarget;
			buildConfigurationList = 1179B69518F23D0B005C7DDB /* Build configuration list for PBXNativeTarget "homework5Tests" */;
			buildPhases = (
				1179B67D18F23D0B005C7DDB /* Sources */,
				1179B67E18F23D0B005C7DDB /* Frameworks */,
				1179B67F18F23D0B005C7DDB /* Resources */,
			);
			buildRules = (
			);
			dependencies = (
				1179B68718F23D0B005C7DDB /* PBXTargetDependency */,
			);
			name = homework5Tests;
			productName = homework5Tests;
			productReference = 1179B68118F23D0B005C7DDB /* homework5Tests.xctest */;
			productType = "com.apple.product-type.bundle.unit-test";
		};
/* End PBXNativeTarget section */

/* Begin PBXProject section */
		1179B65E18F23D0B005C7DDB /* Project object */ = {
			isa = PBXProject;
			attributes = {
				LastUpgradeCheck = 0510;
				ORGANIZATIONNAME = "Gabriele Angeline";
				TargetAttributes = {
					1179B68018F23D0B005C7DDB = {
						TestTargetID = 1179B66518F23D0B005C7DDB;
					};
				};
			};
			buildConfigurationList = 1179B66118F23D0B005C7DDB /* Build configuration list for PBXProject "homework5" */;
			compatibilityVersion = "Xcode 3.2";
			developmentRegion = English;
			hasScannedForEncodings = 0;
			knownRegions = (
				en,
			);
			mainGroup = 1179B65D18F23D0B005C7DDB;
			productRefGroup = 1179B66718F23D0B005C7DDB /* Products */;
			projectDirPath = "";
			projectRoot = "";
			targets = (
				1179B66518F23D0B005C7DDB /* homework5 */,
				1179B68018F23D0B005C7DDB /* homework5Tests */,
			);
		};
/* End PBXProject section */

/* Begin PBXResourcesBuildPhase section */
		1179B66418F23D0B005C7DDB /* Resources */ = {
			isa = PBXResourcesBuildPhase;
			buildActionMask = 2147483647;
			files = (
				1179B6AB18F24585005C7DDB /* MessagesViewController.xib in Resources */,
				1179B67418F23D0B005C7DDB /* InfoPlist.strings in Resources */,
				1179B6A118F243ED005C7DDB /* NotificationsViewController.xib in Resources */,
				1179B69C18F2427C005C7DDB /* NewsFeedViewController.xib in Resources */,
				1179B6B518F2569F005C7DDB /* NotificationsTableViewCell.xib in Resources */,
				1179B6B018F2458E005C7DDB /* MoreViewController.xib in Resources */,
				1179B67C18F23D0B005C7DDB /* Images.xcassets in Resources */,
				1179B6A618F24507005C7DDB /* RequestsViewController.xib in Resources */,
			);
			runOnlyForDeploymentPostprocessing = 0;
		};
		1179B67F18F23D0B005C7DDB /* Resources */ = {
			isa = PBXResourcesBuildPhase;
			buildActionMask = 2147483647;
			files = (
				1179B68D18F23D0B005C7DDB /* InfoPlist.strings in Resources */,
			);
			runOnlyForDeploymentPostprocessing = 0;
		};
/* End PBXResourcesBuildPhase section */

/* Begin PBXSourcesBuildPhase section */
		1179B66218F23D0B005C7DDB /* Sources */ = {
			isa = PBXSourcesBuildPhase;
			buildActionMask = 2147483647;
			files = (
				1179B6A518F24507005C7DDB /* RequestsViewController.m in Sources */,
				1179B67A18F23D0B005C7DDB /* AppDelegate.m in Sources */,
				1179B6AA18F24585005C7DDB /* MessagesViewController.m in Sources */,
				1179B6A018F243ED005C7DDB /* NotificationsViewController.m in Sources */,
				1179B6B418F2569F005C7DDB /* NotificationsTableViewCell.m in Sources */,
				1179B67618F23D0B005C7DDB /* main.m in Sources */,
				1179B6AF18F2458E005C7DDB /* MoreViewController.m in Sources */,
				1179B69B18F2427C005C7DDB /* NewsFeedViewController.m in Sources */,
			);
			runOnlyForDeploymentPostprocessing = 0;
		};
		1179B67D18F23D0B005C7DDB /* Sources */ = {
			isa = PBXSourcesBuildPhase;
			buildActionMask = 2147483647;
			files = (
				1179B68F18F23D0B005C7DDB /* homework5Tests.m in Sources */,
			);
			runOnlyForDeploymentPostprocessing = 0;
		};
/* End PBXSourcesBuildPhase section */

/* Begin PBXTargetDependency section */
		1179B68718F23D0B005C7DDB /* PBXTargetDependency */ = {
			isa = PBXTargetDependency;
			target = 1179B66518F23D0B005C7DDB /* homework5 */;
			targetProxy = 1179B68618F23D0B005C7DDB /* PBXContainerItemProxy */;
		};
/* End PBXTargetDependency section */

/* Begin PBXVariantGroup section */
		1179B67218F23D0B005C7DDB /* InfoPlist.strings */ = {
			isa = PBXVariantGroup;
			children = (
				1179B67318F23D0B005C7DDB /* en */,
			);
			name = InfoPlist.strings;
			sourceTree = "<group>";
		};
		1179B68B18F23D0B005C7DDB /* InfoPlist.strings */ = {
			isa = PBXVariantGroup;
			children = (
				1179B68C18F23D0B005C7DDB /* en */,
			);
			name = InfoPlist.strings;
			sourceTree = "<group>";
		};
/* End PBXVariantGroup section */

/* Begin XCBuildConfiguration section */
		1179B69018F23D0B005C7DDB /* Debug */ = {
			isa = XCBuildConfiguration;
			buildSettings = {
				ALWAYS_SEARCH_USER_PATHS = NO;
				CLANG_CXX_LANGUAGE_STANDARD = "gnu++0x";
				CLANG_CXX_LIBRARY = "libc++";
				CLANG_ENABLE_MODULES = YES;
				CLANG_ENABLE_OBJC_ARC = YES;
				CLANG_WARN_BOOL_CONVERSION = YES;
				CLANG_WARN_CONSTANT_CONVERSION = YES;
				CLANG_WARN_DIRECT_OBJC_ISA_USAGE = YES_ERROR;
				CLANG_WARN_EMPTY_BODY = YES;
				CLANG_WARN_ENUM_CONVERSION = YES;
				CLANG_WARN_INT_CONVERSION = YES;
				CLANG_WARN_OBJC_ROOT_CLASS = YES_ERROR;
				CLANG_WARN__DUPLICATE_METHOD_MATCH = YES;
				"CODE_SIGN_IDENTITY[sdk=iphoneos*]" = "iPhone Developer";
				COPY_PHASE_STRIP = NO;
				GCC_C_LANGUAGE_STANDARD = gnu99;
				GCC_DYNAMIC_NO_PIC = NO;
				GCC_OPTIMIZATION_LEVEL = 0;
				GCC_PREPROCESSOR_DEFINITIONS = (
					"DEBUG=1",
					"$(inherited)",
				);
				GCC_SYMBOLS_PRIVATE_EXTERN = NO;
				GCC_WARN_64_TO_32_BIT_CONVERSION = YES;
				GCC_WARN_ABOUT_RETURN_TYPE = YES_ERROR;
				GCC_WARN_UNDECLARED_SELECTOR = YES;
				GCC_WARN_UNINITIALIZED_AUTOS = YES_AGGRESSIVE;
				GCC_WARN_UNUSED_FUNCTION = YES;
				GCC_WARN_UNUSED_VARIABLE = YES;
				IPHONEOS_DEPLOYMENT_TARGET = 7.1;
				ONLY_ACTIVE_ARCH = YES;
				SDKROOT = iphoneos;
				TARGETED_DEVICE_FAMILY = "1,2";
			};
			name = Debug;
		};
		1179B69118F23D0B005C7DDB /* Release */ = {
			isa = XCBuildConfiguration;
			buildSettings = {
				ALWAYS_SEARCH_USER_PATHS = NO;
				CLANG_CXX_LANGUAGE_STANDARD = "gnu++0x";
				CLANG_CXX_LIBRARY = "libc++";
				CLANG_ENABLE_MODULES = YES;
				CLANG_ENABLE_OBJC_ARC = YES;
				CLANG_WARN_BOOL_CONVERSION = YES;
				CLANG_WARN_CONSTANT_CONVERSION = YES;
				CLANG_WARN_DIRECT_OBJC_ISA_USAGE = YES_ERROR;
				CLANG_WARN_EMPTY_BODY = YES;
				CLANG_WARN_ENUM_CONVERSION = YES;
				CLANG_WARN_INT_CONVERSION = YES;
				CLANG_WARN_OBJC_ROOT_CLASS = YES_ERROR;
				CLANG_WARN__DUPLICATE_METHOD_MATCH = YES;
				"CODE_SIGN_IDENTITY[sdk=iphoneos*]" = "iPhone Developer";
				COPY_PHASE_STRIP = YES;
				ENABLE_NS_ASSERTIONS = NO;
				GCC_C_LANGUAGE_STANDARD = gnu99;
				GCC_WARN_64_TO_32_BIT_CONVERSION = YES;
				GCC_WARN_ABOUT_RETURN_TYPE = YES_ERROR;
				GCC_WARN_UNDECLARED_SELECTOR = YES;
				GCC_WARN_UNINITIALIZED_AUTOS = YES_AGGRESSIVE;
				GCC_WARN_UNUSED_FUNCTION = YES;
				GCC_WARN_UNUSED_VARIABLE = YES;
				IPHONEOS_DEPLOYMENT_TARGET = 7.1;
				SDKROOT = iphoneos;
				TARGETED_DEVICE_FAMILY = "1,2";
				VALIDATE_PRODUCT = YES;
			};
			name = Release;
		};
		1179B69318F23D0B005C7DDB /* Debug */ = {
			isa = XCBuildConfiguration;
			buildSettings = {
				ASSETCATALOG_COMPILER_APPICON_NAME = AppIcon;
				ASSETCATALOG_COMPILER_LAUNCHIMAGE_NAME = LaunchImage;
				GCC_PRECOMPILE_PREFIX_HEADER = YES;
				GCC_PREFIX_HEADER = "homework5/homework5-Prefix.pch";
				INFOPLIST_FILE = "homework5/homework5-Info.plist";
				PRODUCT_NAME = "$(TARGET_NAME)";
				WRAPPER_EXTENSION = app;
			};
			name = Debug;
		};
		1179B69418F23D0B005C7DDB /* Release */ = {
			isa = XCBuildConfiguration;
			buildSettings = {
				ASSETCATALOG_COMPILER_APPICON_NAME = AppIcon;
				ASSETCATALOG_COMPILER_LAUNCHIMAGE_NAME = LaunchImage;
				GCC_PRECOMPILE_PREFIX_HEADER = YES;
				GCC_PREFIX_HEADER = "homework5/homework5-Prefix.pch";
				INFOPLIST_FILE = "homework5/homework5-Info.plist";
				PRODUCT_NAME = "$(TARGET_NAME)";
				WRAPPER_EXTENSION = app;
			};
			name = Release;
		};
		1179B69618F23D0B005C7DDB /* Debug */ = {
			isa = XCBuildConfiguration;
			buildSettings = {
				BUNDLE_LOADER = "$(BUILT_PRODUCTS_DIR)/homework5.app/homework5";
				FRAMEWORK_SEARCH_PATHS = (
					"$(SDKROOT)/Developer/Library/Frameworks",
					"$(inherited)",
					"$(DEVELOPER_FRAMEWORKS_DIR)",
				);
				GCC_PRECOMPILE_PREFIX_HEADER = YES;
				GCC_PREFIX_HEADER = "homework5/homework5-Prefix.pch";
				GCC_PREPROCESSOR_DEFINITIONS = (
					"DEBUG=1",
					"$(inherited)",
				);
				INFOPLIST_FILE = "homework5Tests/homework5Tests-Info.plist";
				PRODUCT_NAME = "$(TARGET_NAME)";
				TEST_HOST = "$(BUNDLE_LOADER)";
				WRAPPER_EXTENSION = xctest;
			};
			name = Debug;
		};
		1179B69718F23D0B005C7DDB /* Release */ = {
			isa = XCBuildConfiguration;
			buildSettings = {
				BUNDLE_LOADER = "$(BUILT_PRODUCTS_DIR)/homework5.app/homework5";
				FRAMEWORK_SEARCH_PATHS = (
					"$(SDKROOT)/Developer/Library/Frameworks",
					"$(inherited)",
					"$(DEVELOPER_FRAMEWORKS_DIR)",
				);
				GCC_PRECOMPILE_PREFIX_HEADER = YES;
				GCC_PREFIX_HEADER = "homework5/homework5-Prefix.pch";
				INFOPLIST_FILE = "homework5Tests/homework5Tests-Info.plist";
				PRODUCT_NAME = "$(TARGET_NAME)";
				TEST_HOST = "$(BUNDLE_LOADER)";
				WRAPPER_EXTENSION = xctest;
			};
			name = Release;
		};
/* End XCBuildConfiguration section */

/* Begin XCConfigurationList section */
		1179B66118F23D0B005C7DDB /* Build configuration list for PBXProject "homework5" */ = {
			isa = XCConfigurationList;
			buildConfigurations = (
				1179B69018F23D0B005C7DDB /* Debug */,
				1179B69118F23D0B005C7DDB /* Release */,
			);
			defaultConfigurationIsVisible = 0;
			defaultConfigurationName = Release;
		};
		1179B69218F23D0B005C7DDB /* Build configuration list for PBXNativeTarget "homework5" */ = {
			isa = XCConfigurationList;
			buildConfigurations = (
				1179B69318F23D0B005C7DDB /* Debug */,
				1179B69418F23D0B005C7DDB /* Release */,
			);
			defaultConfigurationIsVisible = 0;
			defaultConfigurationName = Release;
		};
		1179B69518F23D0B005C7DDB /* Build configuration list for PBXNativeTarget "homework5Tests" */ = {
			isa = XCConfigurationList;
			buildConfigurations = (
				1179B69618F23D0B005C7DDB /* Debug */,
				1179B69718F23D0B005C7DDB /* Release */,
			);
			defaultConfigurationIsVisible = 0;
			defaultConfigurationName = Release;
		};
/* End XCConfigurationList section */
	};
	rootObject = 1179B65E18F23D0B005C7DDB /* Project object */;
}
